{
  "requires": true,
  "lockfileVersion": 1,
  "dependencies": {
    "panda-portfolio": {
      "version": "1.0.6",
      "resolved": "https://registry.npmjs.org/panda-portfolio/-/panda-portfolio-1.0.6.tgz",
      "integrity": "sha512-yZmwodrIj5OE/fGdOGT+6JYF2WC/Fp+/evYdf6RG3KnEc/cvfQjby5I741zT3eOGa7hGg0EnpX4llCVnSzV6/A=="
    }
  }
}
